
Microsoft Visual Studio Solution File, Format Version 12.00
# Visual Studio Version 17
VisualStudioVersion = 17.0.31903.59
MinimumVisualStudioVersion = 10.0.40219.1
Project("{8BC9CEB8-8B4A-11D0-8D11-00A0C91BC942}") = "DesignPattern_TicTacToe", "DesignPattern_TicTacToe\DesignPattern_TicTacToe.vcxproj", "{40A8FC8D-44C4-4C35-BE04-ECC2A11A6CE8}"
EndProject
Project("{8BC9CEB8-8B4A-11D0-8D11-00A0C91BC942}") = "TicTacToe_Console", "TicTacToe_Console\TicTacToe_Console.vcxproj", "{CB2460C7-5A0B-4F2E-897C-2F815A256215}"
EndProject
Project("{8BC9CEB8-8B4A-11D0-8D11-00A0C91BC942}") = "TicTacToeUI", "TicTacToeUI\TicTacToeUI.vcxproj", "{CA77A873-17C3-4A78-8ED3-0ECBC09F9113}"
EndProject
Project("{8BC9CEB8-8B4A-11D0-8D11-00A0C91BC942}") = "UnitTests", "UnitTests\UnitTests.vcxproj", "{A58C441F-D133-4A8E-8ABC-A85FAC5B1DB4}"
EndProject
Global
	GlobalSection(SolutionConfigurationPlatforms) = preSolution
		Debug|x64 = Debug|x64
		Debug|x86 = Debug|x86
		Release|x64 = Release|x64
		Release|x86 = Release|x86
	EndGlobalSection
	GlobalSection(ProjectConfigurationPlatforms) = postSolution
		{40A8FC8D-44C4-4C35-BE04-ECC2A11A6CE8}.Debug|x64.ActiveCfg = Debug|x64
		{40A8FC8D-44C4-4C35-BE04-ECC2A11A6CE8}.Debug|x64.Build.0 = Debug|x64
		{40A8FC8D-44C4-4C35-BE04-ECC2A11A6CE8}.Debug|x86.ActiveCfg = Debug|x64
		{40A8FC8D-44C4-4C35-BE04-ECC2A11A6CE8}.Debug|x86.Build.0 = Debug|x64
		{40A8FC8D-44C4-4C35-BE04-ECC2A11A6CE8}.Release|x64.ActiveCfg = Release|x64
		{40A8FC8D-44C4-4C35-BE04-ECC2A11A6CE8}.Release|x64.Build.0 = Release|x64
		{40A8FC8D-44C4-4C35-BE04-ECC2A11A6CE8}.Release|x86.ActiveCfg = Release|x64
		{40A8FC8D-44C4-4C35-BE04-ECC2A11A6CE8}.Release|x86.Build.0 = Release|x64
		{CB2460C7-5A0B-4F2E-897C-2F815A256215}.Debug|x64.ActiveCfg = Debug|x64
		{CB2460C7-5A0B-4F2E-897C-2F815A256215}.Debug|x64.Build.0 = Debug|x64
		{CB2460C7-5A0B-4F2E-897C-2F815A256215}.Debug|x86.ActiveCfg = Debug|Win32
		{CB2460C7-5A0B-4F2E-897C-2F815A256215}.Debug|x86.Build.0 = Debug|Win32
		{CB2460C7-5A0B-4F2E-897C-2F815A256215}.Release|x64.ActiveCfg = Release|x64
		{CB2460C7-5A0B-4F2E-897C-2F815A256215}.Release|x64.Build.0 = Release|x64
		{CB2460C7-5A0B-4F2E-897C-2F815A256215}.Release|x86.ActiveCfg = Release|Win32
		{CB2460C7-5A0B-4F2E-897C-2F815A256215}.Release|x86.Build.0 = Release|Win32
		{CA77A873-17C3-4A78-8ED3-0ECBC09F9113}.Debug|x64.ActiveCfg = Debug|x64
		{CA77A873-17C3-4A78-8ED3-0ECBC09F9113}.Debug|x64.Build.0 = Debug|x64
		{CA77A873-17C3-4A78-8ED3-0ECBC09F9113}.Debug|x86.ActiveCfg = Debug|x64
		{CA77A873-17C3-4A78-8ED3-0ECBC09F9113}.Debug|x86.Build.0 = Debug|x64
		{CA77A873-17C3-4A78-8ED3-0ECBC09F9113}.Release|x64.ActiveCfg = Release|x64
		{CA77A873-17C3-4A78-8ED3-0ECBC09F9113}.Release|x64.Build.0 = Release|x64
		{CA77A873-17C3-4A78-8ED3-0ECBC09F9113}.Release|x86.ActiveCfg = Release|x64
		{CA77A873-17C3-4A78-8ED3-0ECBC09F9113}.Release|x86.Build.0 = Release|x64
		{A58C441F-D133-4A8E-8ABC-A85FAC5B1DB4}.Debug|x64.ActiveCfg = Debug|x64
		{A58C441F-D133-4A8E-8ABC-A85FAC5B1DB4}.Debug|x64.Build.0 = Debug|x64
		{A58C441F-D133-4A8E-8ABC-A85FAC5B1DB4}.Debug|x86.ActiveCfg = Debug|Win32
		{A58C441F-D133-4A8E-8ABC-A85FAC5B1DB4}.Debug|x86.Build.0 = Debug|Win32
		{A58C441F-D133-4A8E-8ABC-A85FAC5B1DB4}.Release|x64.ActiveCfg = Release|x64
		{A58C441F-D133-4A8E-8ABC-A85FAC5B1DB4}.Release|x64.Build.0 = Release|x64
		{A58C441F-D133-4A8E-8ABC-A85FAC5B1DB4}.Release|x86.ActiveCfg = Release|Win32
		{A58C441F-D133-4A8E-8ABC-A85FAC5B1DB4}.Release|x86.Build.0 = Release|Win32
	EndGlobalSection
	GlobalSection(SolutionProperties) = preSolution
		HideSolutionNode = FALSE
	EndGlobalSection
	GlobalSection(ExtensibilityGlobals) = postSolution
		SolutionGuid = {B248FB28-ECAB-4C4F-A8E7-C5717889194C}
	EndGlobalSection
EndGlobal
